
Microsoft Visual Studio Solution File, Format Version 12.00
# Visual Studio 15
VisualStudioVersion = 15.0.28307.757
MinimumVisualStudioVersion = 10.0.40219.1
Project("{D2ABAB84-BF74-430A-B69E-9DC6D40DDA17}") = "MultidimensionalProject1", "MultidimensionalProject1\MultidimensionalProject1.dwproj", "{0D73B05C-4C46-47E3-9784-5BBD312A0C6F}"
EndProject
Global
	GlobalSection(SolutionConfigurationPlatforms) = preSolution
		Development|Default = Development|Default
	EndGlobalSection
	GlobalSection(ProjectConfigurationPlatforms) = postSolution
		{0D73B05C-4C46-47E3-9784-5BBD312A0C6F}.Development|Default.ActiveCfg = Development
		{0D73B05C-4C46-47E3-9784-5BBD312A0C6F}.Development|Default.Build.0 = Development
		{0D73B05C-4C46-47E3-9784-5BBD312A0C6F}.Development|Default.Deploy.0 = Development
	EndGlobalSection
	GlobalSection(SolutionProperties) = preSolution
		HideSolutionNode = FALSE
	EndGlobalSection
	GlobalSection(ExtensibilityGlobals) = postSolution
		SolutionGuid = {EC47346C-8846-4E27-BF11-26FBD9871B18}
	EndGlobalSection
EndGlobal
